{
    "_meta": {
        "hash": {
            "sha256": "e7bf7d57128adacb02ff6525a33b90aed499d31b33352766ba2ec2c9f330e8b2"
        },
        "pipfile-spec": 6,
        "requires": {},
        "sources": [
            {
                "name": "pypi",
                "url": "https://pypi.python.org/simple",
                "verify_ssl": true
            }
        ]
    },
    "default": {
        "certifi": {
            "hashes": [
                "sha256:59b7658e26ca9c7339e00f8f4636cdfe59d34fa37b9b04f6f9e9926b3cece1a5",
                "sha256:b26104d6835d1f5e49452a26eb2ff87fe7090b89dfcaee5ea2212697e1e1d7ae"
            ],
            "version": "==2019.3.9"
        },
        "chardet": {
            "hashes": [
                "sha256:84ab92ed1c4d4f16916e05906b6b75a6c0fb5db821cc65e70cbd64a3e2a5eaae",
                "sha256:fc323ffcaeaed0e0a02bf4d117757b98aed530d9ed4531e3e15460124c106691"
            ],
            "version": "==3.0.4"
        },
        "click": {
            "hashes": [
                "sha256:2335065e6395b9e67ca716de5f7526736bfa6ceead690adf616d925bdc622b13",
                "sha256:5b94b49521f6456670fdb30cd82a4eca9412788a93fa6dd6df72c94d5a8ff2d7"
            ],
            "index": "pypi",
            "version": "==7.0"
        },
        "idna": {
            "hashes": [
                "sha256:c357b3f628cf53ae2c4c05627ecc484553142ca23264e593d327bcde5e9c3407",
                "sha256:ea8b7f6188e6fa117537c3df7da9fc686d485087abf6ac197f9c46432f7e4a3c"
            ],
            "version": "==2.8"
        },
        "iso8601": {
            "hashes": [
                "sha256:210e0134677cc0d02f6028087fee1df1e1d76d372ee1db0bf30bf66c5c1c89a3",
                "sha256:49c4b20e1f38aa5cf109ddcd39647ac419f928512c869dc01d5c7098eddede82",
                "sha256:bbbae5fb4a7abfe71d4688fd64bff70b91bbd74ef6a99d964bab18f7fdf286dd"
            ],
            "index": "pypi",
            "version": "==0.1.12"
        },
        "jellyfish": {
            "hashes": [
                "sha256:5e62490f5563101eea96cf4c2971a444418862f93ebe7e6fc2f8bf8b5a84cb22",
                "sha256:79a5640bb47120596c91b9030ed3164cc5a3d0bb6b15779bb82c3c21f8efa1c1"
            ],
            "index": "pypi",
            "version": "==0.7.1"
        },
        "lxml": {
            "hashes": [
                "sha256:0358b9e9642bc7d39aac5cffe9884a99a5ca68e5e2c1b89e570ed60da9139908",
                "sha256:091a359c4dafebbecd3959d9013f1b896b5371859165e4e50b01607a98d9e3e2",
                "sha256:1998e4e60603c64bcc35af61b4331ab3af087457900d3980e18d190e17c3a697",
                "sha256:2000b4088dee9a41f459fddaf6609bba48a435ce6374bb254c5ccdaa8928c5ba",
                "sha256:2afb0064780d8aaf165875be5898c1866766e56175714fa5f9d055433e92d41d",
                "sha256:2d8f1d9334a4e3ff176d096c14ded3100547d73440683567d85b8842a53180bb",
                "sha256:2e38db22f6a3199fd63675e1b4bd795d676d906869047398f29f38ca55cb453a",
                "sha256:3181f84649c1a1ca62b19ddf28436b1b2cb05ae6c7d2628f33872e713994c364",
                "sha256:37462170dfd88af8431d04de6b236e6e9c06cda71e2ca26d88ef2332fd2a5237",
                "sha256:3a9d8521c89bf6f2a929c3d12ad3ad7392c774c327ea809fd08a13be6b3bc05f",
                "sha256:3d0bbd2e1a28b4429f24fd63a122a450ce9edb7a8063d070790092d7343a1aa4",
                "sha256:483d60585ce3ee71929cea70949059f83850fa5e12deb9c094ed1c8c2ec73cbd",
                "sha256:4888be27d5cba55ce94209baef5bcd7bbd7314a3d17021a5fc10000b3a5f737d",
                "sha256:64b0d62e4209170a2a0c404c446ab83b941a0003e96604d2e4f4cb735f8a2254",
                "sha256:68010900898fdf139ac08549c4dba8206c584070a960ffc530aebf0c6f2794ef",
                "sha256:872ecb066de602a0099db98bd9e57f4cfc1d62f6093d94460c787737aa08f39e",
                "sha256:88a32b03f2e4cd0e63f154cac76724709f40b3fc2f30139eb5d6f900521b44ed",
                "sha256:b1dc7683da4e67ab2bebf266afa68098d681ae02ce570f0d1117312273d2b2ac",
                "sha256:b29e27ce9371810250cb1528a771d047a9c7b0f79630dc7dc5815ff828f4273b",
                "sha256:ce197559596370d985f1ce6b7051b52126849d8159040293bf8b98cb2b3e1f78",
                "sha256:d45cf6daaf22584eff2175f48f82c4aa24d8e72a44913c5aff801819bb73d11f",
                "sha256:e2ff9496322b2ce947ba4a7a5eb048158de9d6f3fe9efce29f1e8dd6878561e6",
                "sha256:f7b979518ec1f294a41a707c007d54d0f3b3e1fd15d5b26b7e99b62b10d9a72e",
                "sha256:f9c7268e9d16e34e50f8246c4f24cf7353764affd2bc971f0379514c246e3f6b",
                "sha256:f9c839806089d79de588ee1dde2dae05dc1156d3355dfeb2b51fde84d9c960ad",
                "sha256:ff962953e2389226adc4d355e34a98b0b800984399153c6678f2367b11b4d4b8"
            ],
            "index": "pypi",
            "version": "==4.3.2"
        },
        "numpy": {
            "hashes": [
                "sha256:1980f8d84548d74921685f68096911585fee393975f53797614b34d4f409b6da",
                "sha256:22752cd809272671b273bb86df0f505f505a12368a3a5fc0aa811c7ece4dfd5c",
                "sha256:23cc40313036cffd5d1873ef3ce2e949bdee0646c5d6f375bf7ee4f368db2511",
                "sha256:2b0b118ff547fecabc247a2668f48f48b3b1f7d63676ebc5be7352a5fd9e85a5",
                "sha256:3a0bd1edf64f6a911427b608a894111f9fcdb25284f724016f34a84c9a3a6ea9",
                "sha256:3f25f6c7b0d000017e5ac55977a3999b0b1a74491eacb3c1aa716f0e01f6dcd1",
                "sha256:4061c79ac2230594a7419151028e808239450e676c39e58302ad296232e3c2e8",
                "sha256:560ceaa24f971ab37dede7ba030fc5d8fa173305d94365f814d9523ffd5d5916",
                "sha256:62be044cd58da2a947b7e7b2252a10b42920df9520fc3d39f5c4c70d5460b8ba",
                "sha256:6c692e3879dde0b67a9dc78f9bfb6f61c666b4562fd8619632d7043fb5b691b0",
                "sha256:6f65e37b5a331df950ef6ff03bd4136b3c0bbcf44d4b8e99135d68a537711b5a",
                "sha256:7a78cc4ddb253a55971115f8320a7ce28fd23a065fc33166d601f51760eecfa9",
                "sha256:80a41edf64a3626e729a62df7dd278474fc1726836552b67a8c6396fd7e86760",
                "sha256:893f4d75255f25a7b8516feb5766c6b63c54780323b9bd4bc51cdd7efc943c73",
                "sha256:972ea92f9c1b54cc1c1a3d8508e326c0114aaf0f34996772a30f3f52b73b942f",
                "sha256:9f1d4865436f794accdabadc57a8395bd3faa755449b4f65b88b7df65ae05f89",
                "sha256:9f4cd7832b35e736b739be03b55875706c8c3e5fe334a06210f1a61e5c2c8ca5",
                "sha256:adab43bf657488300d3aeeb8030d7f024fcc86e3a9b8848741ea2ea903e56610",
                "sha256:bd2834d496ba9b1bdda3a6cf3de4dc0d4a0e7be306335940402ec95132ad063d",
                "sha256:d20c0360940f30003a23c0adae2fe50a0a04f3e48dc05c298493b51fd6280197",
                "sha256:d3b3ed87061d2314ff3659bb73896e622252da52558f2380f12c421fbdee3d89",
                "sha256:dc235bf29a406dfda5790d01b998a1c01d7d37f449128c0b1b7d1c89a84fae8b",
                "sha256:fb3c83554f39f48f3fa3123b9c24aecf681b1c289f9334f8215c1d3c8e2f6e5b"
            ],
            "version": "==1.16.2"
        },
        "pandas": {
            "hashes": [
                "sha256:02c830f951f3dc8c3164e2639a8961881390f7492f71a7835c2330f54539ad57",
                "sha256:179015834c72a577486337394493cc2969feee9a04a2ea09f50c724e4b52ab42",
                "sha256:3894960d43c64cfea5142ac783b101362f5008ee92e962392156a3f8d1558995",
                "sha256:435821cb2501eabbcee7e83614bd710940dc0cf28b5afbc4bdb816c31cec71af",
                "sha256:8294dea9aa1811f93558702856e3b68dd1dfd7e9dbc8e0865918a07ee0f21c2c",
                "sha256:844e745ab27a9a01c86925fe776f9d2e09575e65f0bf8eba5090edddd655dffc",
                "sha256:a08d49f5fa2a2243262fe5581cb89f6c0c7cc525b8d6411719ab9400a9dc4a82",
                "sha256:a435c251246075337eb9fdc4160fd15c8a87cc0679d8d61fb5255d8d5a12f044",
                "sha256:a799f03c0ec6d8687f425d7d6c075e8055a9a808f1ba87604d91f20507631d8d",
                "sha256:aea72ce5b3a016b578cc05c04a2f68d9cafacf5d784b6fe832e66381cb62c719",
                "sha256:c145e94c6da2af7eaf1fd827293ac1090a61a9b80150bebe99f8966a02378db9",
                "sha256:c8a7b470c88c779301b73b23cabdbbd94b83b93040b2ccffa409e06df23831c0",
                "sha256:c9e31b36abbd7b94c547d9047f13e1546e3ba967044cf4f9718575fcb7b81bb6",
                "sha256:d960b7a03c33c328c723cfc2f8902a6291645f4efa0a5c1d4c5fa008cdc1ea77",
                "sha256:da21fae4c173781b012217c9444f13c67449957a4d45184a9718268732c09564",
                "sha256:db26c0fea0bd7d33c356da98bafd2c0dfb8f338e45e2824ff8f4f3e61b5c5f25",
                "sha256:dc296c3f16ec620cfb4daf0f672e3c90f3920ece8261b2760cd0ebd9cd4daa55",
                "sha256:e8da67cb2e9333ec30d53cfb96e27a4865d1648688e5471699070d35d8ab38cf",
                "sha256:fb4f047a63f91f22aade4438aaf790400b96644e802daab4293e9b799802f93f",
                "sha256:fef9939176cba0c2526ebeefffb8b9807543dc0954877b7226f751ec1294a869"
            ],
            "version": "==0.24.1"
        },
        "pymysql": {
            "hashes": [
                "sha256:3943fbbbc1e902f41daf7f9165519f140c4451c179380677e6a848587042561a",
                "sha256:d8c059dcd81dedb85a9f034d5e22dcb4442c0b201908bede99e306d65ea7c8e7"
            ],
            "index": "pypi",
            "version": "==0.9.3"
        },
        "python-dateutil": {
            "hashes": [
                "sha256:7e6584c74aeed623791615e26efd690f29817a27c73085b78e4bad02493df2fb",
                "sha256:c89805f6f4d64db21ed966fda138f8a5ed7a4fdbc1a8ee329ce1b74e3c74da9e"
            ],
            "version": "==2.8.0"
        },
        "pytz": {
            "hashes": [
                "sha256:32b0891edff07e28efe91284ed9c31e123d84bea3fd98e1f72be2508f43ef8d9",
                "sha256:d5f05e487007e29e03409f9398d074e158d920d36eb82eaf66fb1136b0c5374c"
            ],
            "version": "==2018.9"
        },
        "pywikibot": {
            "hashes": [
                "sha256:14d19744588e7f8753c51e43734544a2533186deee27d44ed841eff8a48c9376"
            ],
            "index": "pypi",
            "version": "==3.0.20190301"
        },
        "recordlinkage": {
            "hashes": [
                "sha256:8bcb7bd07b4e2824620850db5b0019e8a74876829c84dcc3b6534f2917eea3c5",
                "sha256:93f85f384423e0b86a5cdb0f0812f0c01f19c60eaa7bee654799b051652750bf"
            ],
            "index": "pypi",
            "version": "==0.12"
        },
        "regex": {
            "hashes": [
                "sha256:0306149889c1a1bec362511f737bc446245ddfcdbe4b556abdfc506ed46dfa47",
                "sha256:4b08704a5939c698d2d5950b5dc950597613216cc8c01048efc0da860a0c3db9",
                "sha256:6ba0eb777ada6887062c2620e6d644b011078d5d3dc09119ae7107285f6f95e9",
                "sha256:7789cc323948792c4c62b269a56f2f2f9bc77d44e54fd81e01b12a967dd7244c",
                "sha256:825143aadca0da7d26eeaf2ab0f8bc33921a5642e570ded92dde08c5aaebc65f",
                "sha256:8fbd057faab28ce552d89c46f7a968e950f07e80752dfb93891dd11c6b0ee3b4",
                "sha256:a41aabb0b9072a14f1e2e554f959ed6439b83610ed656edace9096a0b27e378e",
                "sha256:d8807231aed332a1d0456d2088967b87e8c664222bed8e566384ca0ec0b43bfd",
                "sha256:dfd89b642fe71f4e8a9906455d4147d453061377b650e6233ddd9ea822971360"
            ],
            "index": "pypi",
            "version": "==2019.3.12"
        },
        "requests": {
            "hashes": [
                "sha256:502a824f31acdacb3a35b6690b5fbf0bc41d63a24a45c4004352b0242707598e",
                "sha256:7bf2a778576d825600030a110f3c0e3e8edc51dfaafe1c146e39a2027784957b"
            ],
            "index": "pypi",
            "version": "==2.21.0"
        },
        "scikit-learn": {
            "hashes": [
                "sha256:018f470a7e685767d84ce6fac87af59e064e87ec3cea71eaf12646f9538e293d",
                "sha256:0ae00d570331b8a5c552f721167818b4739a5c855fbc76b11231ccdea2dd26ab",
                "sha256:13079520dd8211967d1871e439b59818d335439672818e9683847091d0e07778",
                "sha256:1c133749a526b33af2b6695d94d2cc43ba212c5aa7bd3a45619335556ced7637",
                "sha256:382e7053567b7b11e862782e3de2940e2141be24e6262aa0b4a9cb7fdd61f85a",
                "sha256:384df81fdba12d21063072f2cf472a7a8425a3d4fa3915faef0a88e94e07b332",
                "sha256:4705073de7bbcc6b9cd2f24dc9189aa8d3935e8621d3e65546c4b7fee9a042bf",
                "sha256:4f829d6c09b997e1d0a998f970cf3ff82cd6796d56148c63c29174367878d490",
                "sha256:51a933224b1b11986d4c7c123e5b28eb69602899d0179e6888b7abf2ffc85265",
                "sha256:63ad98c6512b52aebde9bd806ec1127e13e2a8d42a00ebdf805153819f7c2cad",
                "sha256:67e15514c9df4c5354b3ecc89451f5baa0f1b62c7ed68f4d20febf9c9d9e17a6",
                "sha256:75f0e0e93851b30639baabfc1a4433aabc57eef269d55ee4c6f649fb60686218",
                "sha256:89609708e819342dd5c94617fd53a36187d7d6a80435ddb282f6a60b058dbe77",
                "sha256:8ca274d4e91685e4547af718b6f1e9a9d4912c7a6dcb0c68925de84f81a09d2a",
                "sha256:9987f3d31efc427ebf9926f703e5171552cfb3b6935f880e4f0d3a17b7f91540",
                "sha256:9f3e08dbd3f2f574913faba9b48d3c24a43fcc0eb14a0e962431005434b9cfe6",
                "sha256:a7a403bcea250cac37971058fca0c30b0144737a375f99d3855e5e7a34c43348",
                "sha256:ad7e4e823db1271d344e0c3ce0988b2e0fecc49079eec9c818d866c38b2824bd",
                "sha256:b1e9037a582e650d866324a50d2741724ea5f6c175200bef0b549d014898035a",
                "sha256:b82fbd8843ead2640158b2c0946d354b66f3d49472e6790d70c4ceec35663b3f",
                "sha256:b91c82bfd25145d428de99429de97d7a1c2c2658c212689fe2839b29a5251159",
                "sha256:ba57b73ec7074f60bb85f953296df437784d560553d0cc04b253c43f1846ccad",
                "sha256:c503802a81de18b8b4d40d069f5e363795ee44b1605f38bc104160ca3bfe2c41",
                "sha256:d30e8e0dffbc299533f47044fec26c5087473cb29cf51f1995986ac8354c7b4c",
                "sha256:d89b810bfb0e16a0de7f18773849bdf83dd7fd0614ae5225e5a9214cdb9be245",
                "sha256:e22e1d47def2944ad7a12c09452de085587ec5baad2174683e56a42b6918a76f",
                "sha256:f650ddc023c95681fccd5e297820f35de039e008265040c08188be95b3275a0f",
                "sha256:f7d4b3885ad1a7a6f07719ab6b1790d9892d6d41d973e8d4543a93bb15226fb4"
            ],
            "version": "==0.20.3"
        },
        "scipy": {
            "hashes": [
                "sha256:014cb900c003b5ac81a53f2403294e8ecf37aedc315b59a6b9370dce0aa7627a",
                "sha256:281a34da34a5e0de42d26aed692ab710141cad9d5d218b20643a9cb538ace976",
                "sha256:588f9cc4bfab04c45fbd19c1354b5ade377a8124d6151d511c83730a9b6b2338",
                "sha256:5a10661accd36b6e2e8855addcf3d675d6222006a15795420a39c040362def66",
                "sha256:628f60be272512ca1123524969649a8cb5ae8b31cca349f7c6f8903daf9034d7",
                "sha256:6dcc43a88e25b815c2dea1c6fac7339779fc988f5df8396e1de01610604a7c38",
                "sha256:70e37cec0ac0fe95c85b74ca4e0620169590fd5d3f44765f3c3a532cedb0e5fd",
                "sha256:7274735fb6fb5d67d3789ddec2cd53ed6362539b41aa6cc0d33a06c003aaa390",
                "sha256:78e12972e144da47326958ac40c2bd1c1cca908edc8b01c26a36f9ffd3dce466",
                "sha256:790cbd3c8d09f3a6d9c47c4558841e25bac34eb7a0864a9def8f26be0b8706af",
                "sha256:79792c8fe8e9d06ebc50fe23266522c8c89f20aa94ac8e80472917ecdce1e5ba",
                "sha256:865afedf35aaef6df6344bee0de391ee5e99d6e802950a237f9fb9b13e441f91",
                "sha256:870fd401ec7b64a895cff8e206ee16569158db00254b2f7157b4c9a5db72c722",
                "sha256:963815c226b29b0176d5e3d37fc9de46e2778ce4636a5a7af11a48122ef2577c",
                "sha256:9726791484f08e394af0b59eb80489ad94d0a53bbb58ab1837dcad4d58489863",
                "sha256:9de84a71bb7979aa8c089c4fb0ea0e2ed3917df3fb2a287a41aaea54bbad7f5d",
                "sha256:b2c324ddc5d6dbd3f13680ad16a29425841876a84a1de23a984236d1afff4fa6",
                "sha256:b86ae13c597fca087cb8c193870507c8916cefb21e52e1897da320b5a35075e5",
                "sha256:ba0488d4dbba2af5bf9596b849873102d612e49a118c512d9d302ceafa36e01a",
                "sha256:d78702af4102a3a4e23bb7372cec283e78f32f5573d92091aa6aaba870370fe1",
                "sha256:def0e5d681dd3eb562b059d355ae8bebe27f5cc455ab7c2b6655586b63d3a8ea",
                "sha256:e085d1babcb419bbe58e2e805ac61924dac4ca45a07c9fa081144739e500aa3c",
                "sha256:e2cfcbab37c082a5087aba5ff00209999053260441caadd4f0e8f4c2d6b72088",
                "sha256:e742f1f5dcaf222e8471c37ee3d1fd561568a16bb52e031c25674ff1cf9702d5",
                "sha256:f06819b028b8ef9010281e74c59cb35483933583043091ed6b261bb1540f11cc",
                "sha256:f15f2d60a11c306de7700ee9f65df7e9e463848dbea9c8051e293b704038da60",
                "sha256:f31338ee269d201abe76083a990905473987371ff6f3fdb76a3f9073a361cf37",
                "sha256:f6b88c8d302c3dac8dff7766955e38d670c82e0d79edfc7eae47d6bb2c186594"
            ],
            "version": "==1.2.1"
        },
        "six": {
            "hashes": [
                "sha256:3350809f0555b11f552448330d0b52d5f24c91a322ea4a15ef22629740f3761c",
                "sha256:d16a0141ec1a18405cd4ce8b4613101da75da0e9a7aec5bdd4fa804d0e0eba73"
            ],
            "version": "==1.12.0"
        },
        "sqlalchemy": {
            "hashes": [
                "sha256:781fb7b9d194ed3fc596b8f0dd4623ff160e3e825dd8c15472376a438c19598b"
            ],
            "index": "pypi",
            "version": "==1.3.1"
        },
        "tqdm": {
            "hashes": [
                "sha256:d385c95361699e5cf7622485d9b9eae2d4864b21cd5a2374a9c381ffed701021",
                "sha256:e22977e3ebe961f72362f6ddfb9197cc531c9737aaf5f607ef09740c849ecd05"
            ],
            "index": "pypi",
            "version": "==4.31.1"
        },
        "urllib3": {
            "hashes": [
                "sha256:61bf29cada3fc2fbefad4fdf059ea4bd1b4a86d2b6d15e1c7c0b582b9752fe39",
                "sha256:de9529817c93f27c8ccbfead6985011db27bd0ddfcdb2d86f3f663385c6a9c22"
            ],
            "version": "==1.24.1"
        }
    },
    "develop": {
        "appnope": {
            "hashes": [
                "sha256:5b26757dc6f79a3b7dc9fab95359328d5747fcb2409d331ea66d0272b90ab2a0",
                "sha256:8b995ffe925347a2138d7ac0fe77155e4311a0ea6d6da4f5128fe4b3cbe5ed71"
            ],
            "markers": "sys_platform == 'darwin'",
            "version": "==0.1.0"
        },
        "astroid": {
            "hashes": [
                "sha256:6560e1e1749f68c64a4b5dee4e091fce798d2f0d84ebe638cf0e0585a343acf4",
                "sha256:b65db1bbaac9f9f4d190199bb8680af6f6f84fd3769a5ea883df8a91fe68b4c4"
            ],
            "version": "==2.2.5"
        },
        "autopep8": {
            "hashes": [
                "sha256:33d2b5325b7e1afb4240814fe982eea3a92ebea712869bfd08b3c0393404248c"
            ],
            "index": "pypi",
            "version": "==1.4.3"
        },
        "backcall": {
            "hashes": [
                "sha256:38ecd85be2c1e78f77fd91700c76e14667dc21e2713b63876c0eb901196e01e4",
                "sha256:bbbf4b1e5cd2bdb08f915895b51081c041bac22394fdfcfdfbe9f14b77c08bf2"
            ],
            "version": "==0.1.0"
        },
        "decorator": {
            "hashes": [
                "sha256:33cd704aea07b4c28b3eb2c97d288a06918275dac0ecebdaf1bc8a48d98adb9e",
                "sha256:cabb249f4710888a2fc0e13e9a16c343d932033718ff62e1e9bc93a9d3a9122b"
            ],
            "version": "==4.3.2"
        },
        "ipdb": {
            "hashes": [
                "sha256:7081c65ed7bfe7737f83fa4213ca8afd9617b42ff6b3f1daf9a3419839a2a00a"
            ],
            "index": "pypi",
            "version": "==0.11"
        },
        "ipython": {
            "hashes": [
                "sha256:06de667a9e406924f97781bda22d5d76bfb39762b678762d86a466e63f65dc39",
                "sha256:5d3e020a6b5f29df037555e5c45ab1088d6a7cf3bd84f47e0ba501eeb0c3ec82"
            ],
            "index": "pypi",
            "version": "==7.3.0"
        },
        "ipython-genutils": {
            "hashes": [
                "sha256:72dd37233799e619666c9f639a9da83c34013a73e8bbc79a7a6348d93c61fab8",
                "sha256:eb2e116e75ecef9d4d228fdc66af54269afa26ab4463042e33785b887c628ba8"
            ],
            "version": "==0.2.0"
        },
        "isort": {
            "hashes": [
                "sha256:18c796c2cd35eb1a1d3f012a214a542790a1aed95e29768bdcb9f2197eccbd0b",
                "sha256:96151fca2c6e736503981896495d344781b60d18bfda78dc11b290c6125ebdb6"
            ],
            "version": "==4.3.15"
        },
        "jedi": {
            "hashes": [
                "sha256:2bb0603e3506f708e792c7f4ad8fc2a7a9d9c2d292a358fbbd58da531695595b",
                "sha256:2c6bcd9545c7d6440951b12b44d373479bf18123a401a52025cf98563fbd826c"
            ],
            "version": "==0.13.3"
        },
        "lazy-object-proxy": {
            "hashes": [
                "sha256:0ce34342b419bd8f018e6666bfef729aec3edf62345a53b537a4dcc115746a33",
                "sha256:1b668120716eb7ee21d8a38815e5eb3bb8211117d9a90b0f8e21722c0758cc39",
                "sha256:209615b0fe4624d79e50220ce3310ca1a9445fd8e6d3572a896e7f9146bbf019",
                "sha256:27bf62cb2b1a2068d443ff7097ee33393f8483b570b475db8ebf7e1cba64f088",
                "sha256:27ea6fd1c02dcc78172a82fc37fcc0992a94e4cecf53cb6d73f11749825bd98b",
                "sha256:2c1b21b44ac9beb0fc848d3993924147ba45c4ebc24be19825e57aabbe74a99e",
                "sha256:2df72ab12046a3496a92476020a1a0abf78b2a7db9ff4dc2036b8dd980203ae6",
                "sha256:320ffd3de9699d3892048baee45ebfbbf9388a7d65d832d7e580243ade426d2b",
                "sha256:50e3b9a464d5d08cc5227413db0d1c4707b6172e4d4d915c1c70e4de0bbff1f5",
                "sha256:5276db7ff62bb7b52f77f1f51ed58850e315154249aceb42e7f4c611f0f847ff",
                "sha256:61a6cf00dcb1a7f0c773ed4acc509cb636af2d6337a08f362413c76b2b47a8dd",
                "sha256:6ae6c4cb59f199d8827c5a07546b2ab7e85d262acaccaacd49b62f53f7c456f7",
                "sha256:7661d401d60d8bf15bb5da39e4dd72f5d764c5aff5a86ef52a042506e3e970ff",
                "sha256:7bd527f36a605c914efca5d3d014170b2cb184723e423d26b1fb2fd9108e264d",
                "sha256:7cb54db3535c8686ea12e9535eb087d32421184eacc6939ef15ef50f83a5e7e2",
                "sha256:7f3a2d740291f7f2c111d86a1c4851b70fb000a6c8883a59660d95ad57b9df35",
                "sha256:81304b7d8e9c824d058087dcb89144842c8e0dea6d281c031f59f0acf66963d4",
                "sha256:933947e8b4fbe617a51528b09851685138b49d511af0b6c0da2539115d6d4514",
                "sha256:94223d7f060301b3a8c09c9b3bc3294b56b2188e7d8179c762a1cda72c979252",
                "sha256:ab3ca49afcb47058393b0122428358d2fbe0408cf99f1b58b295cfeb4ed39109",
                "sha256:bd6292f565ca46dee4e737ebcc20742e3b5be2b01556dafe169f6c65d088875f",
                "sha256:cb924aa3e4a3fb644d0c463cad5bc2572649a6a3f68a7f8e4fbe44aaa6d77e4c",
                "sha256:d0fc7a286feac9077ec52a927fc9fe8fe2fabab95426722be4c953c9a8bede92",
                "sha256:ddc34786490a6e4ec0a855d401034cbd1242ef186c20d79d2166d6a4bd449577",
                "sha256:e34b155e36fa9da7e1b7c738ed7767fc9491a62ec6af70fe9da4a057759edc2d",
                "sha256:e5b9e8f6bda48460b7b143c3821b21b452cb3a835e6bbd5dd33aa0c8d3f5137d",
                "sha256:e81ebf6c5ee9684be8f2c87563880f93eedd56dd2b6146d8a725b50b7e5adb0f",
                "sha256:eb91be369f945f10d3a49f5f9be8b3d0b93a4c2be8f8a5b83b0571b8123e0a7a",
                "sha256:f460d1ceb0e4a5dcb2a652db0904224f367c9b3c1470d5a7683c0480e582468b"
            ],
            "version": "==1.3.1"
        },
        "mccabe": {
            "hashes": [
                "sha256:ab8a6258860da4b6677da4bd2fe5dc2c659cff31b3ee4f7f5d64e79735b80d42",
                "sha256:dd8d182285a0fe56bace7f45b5e7d1a6ebcbf524e8f3bd87eb0f125271b8831f"
            ],
            "version": "==0.6.1"
        },
        "parso": {
            "hashes": [
                "sha256:4580328ae3f548b358f4901e38c0578229186835f0fa0846e47369796dd5bcc9",
                "sha256:68406ebd7eafe17f8e40e15a84b56848eccbf27d7c1feb89e93d8fca395706db"
            ],
            "version": "==0.3.4"
        },
        "pexpect": {
            "hashes": [
                "sha256:2a8e88259839571d1251d278476f3eec5db26deb73a70be5ed5dc5435e418aba",
                "sha256:3fbd41d4caf27fa4a377bfd16fef87271099463e6fa73e92a52f92dfee5d425b"
            ],
            "markers": "sys_platform != 'win32'",
            "version": "==4.6.0"
        },
        "pickleshare": {
            "hashes": [
                "sha256:87683d47965c1da65cdacaf31c8441d12b8044cdec9aca500cd78fc2c683afca",
                "sha256:9649af414d74d4df115d5d718f82acb59c9d418196b7b4290ed47a12ce62df56"
            ],
            "version": "==0.7.5"
        },
        "prompt-toolkit": {
            "hashes": [
                "sha256:11adf3389a996a6d45cc277580d0d53e8a5afd281d0c9ec71b28e6f121463780",
                "sha256:2519ad1d8038fd5fc8e770362237ad0364d16a7650fb5724af6997ed5515e3c1",
                "sha256:977c6583ae813a37dc1c2e1b715892461fcbdaa57f6fc62f33a528c4886c8f55"
            ],
            "version": "==2.0.9"
        },
        "ptyprocess": {
            "hashes": [
                "sha256:923f299cc5ad920c68f2bc0bc98b75b9f838b93b599941a6b63ddbc2476394c0",
                "sha256:d7cc528d76e76342423ca640335bd3633420dc1366f258cb31d05e865ef5ca1f"
            ],
            "version": "==0.6.0"
        },
        "pycodestyle": {
            "hashes": [
                "sha256:95a2219d12372f05704562a14ec30bc76b05a5b297b21a5dfe3f6fac3491ae56",
                "sha256:e40a936c9a450ad81df37f549d676d127b1b66000a6c500caa2b085bc0ca976c"
            ],
            "version": "==2.5.0"
        },
        "pygments": {
            "hashes": [
                "sha256:5ffada19f6203563680669ee7f53b64dabbeb100eb51b61996085e99c03b284a",
                "sha256:e8218dd399a61674745138520d0d4cf2621d7e032439341bc3f647bff125818d"
            ],
            "version": "==2.3.1"
        },
        "pylint": {
            "hashes": [
                "sha256:5d77031694a5fb97ea95e828c8d10fc770a1df6eb3906067aaed42201a8a6a09",
                "sha256:723e3db49555abaf9bf79dc474c6b9e2935ad82230b10c1138a71ea41ac0fff1"
            ],
            "index": "pypi",
            "version": "==2.3.1"
        },
        "rope": {
            "hashes": [
                "sha256:031eb54b3eeec89f4304ede816995ed2b93a21e6fba16bd02aff10a0d6c257b7"
            ],
            "index": "pypi",
            "version": "==0.12.0"
        },
        "six": {
            "hashes": [
                "sha256:3350809f0555b11f552448330d0b52d5f24c91a322ea4a15ef22629740f3761c",
                "sha256:d16a0141ec1a18405cd4ce8b4613101da75da0e9a7aec5bdd4fa804d0e0eba73"
            ],
            "version": "==1.12.0"
        },
        "traitlets": {
            "hashes": [
                "sha256:9c4bd2d267b7153df9152698efb1050a5d84982d3384a37b2c1f7723ba3e7835",
                "sha256:c6cb5e6f57c5a9bdaa40fa71ce7b4af30298fbab9ece9815b5d995ab6217c7d9"
            ],
            "version": "==4.3.2"
        },
        "typed-ast": {
            "hashes": [
                "sha256:035a54ede6ce1380599b2ce57844c6554666522e376bd111eb940fbc7c3dad23",
                "sha256:037c35f2741ce3a9ac0d55abfcd119133cbd821fffa4461397718287092d9d15",
                "sha256:049feae7e9f180b64efacbdc36b3af64a00393a47be22fa9cb6794e68d4e73d3",
                "sha256:19228f7940beafc1ba21a6e8e070e0b0bfd1457902a3a81709762b8b9039b88d",
                "sha256:2ea681e91e3550a30c2265d2916f40a5f5d89b59469a20f3bad7d07adee0f7a6",
                "sha256:3a6b0a78af298d82323660df5497bcea0f0a4a25a0b003afd0ce5af049bd1f60",
                "sha256:5385da8f3b801014504df0852bf83524599df890387a3c2b17b7caa3d78b1773",
                "sha256:606d8afa07eef77280c2bf84335e24390055b478392e1975f96286d99d0cb424",
                "sha256:69245b5b23bbf7fb242c9f8f08493e9ecd7711f063259aefffaeb90595d62287",
                "sha256:6f6d839ab09830d59b7fa8fb6917023d8cb5498ee1f1dbd82d37db78eb76bc99",
                "sha256:730888475f5ac0e37c1de4bd05eeb799fdb742697867f524dc8a4cd74bcecc23",
                "sha256:9819b5162ffc121b9e334923c685b0d0826154e41dfe70b2ede2ce29034c71d8",
                "sha256:9e60ef9426efab601dd9aa120e4ff560f4461cf8442e9c0a2b92548d52800699",
                "sha256:af5fbdde0690c7da68e841d7fc2632345d570768ea7406a9434446d7b33b0ee1",
                "sha256:b64efdbdf3bbb1377562c179f167f3bf301251411eb5ac77dec6b7d32bcda463",
                "sha256:bac5f444c118aeb456fac1b0b5d14c6a71ea2a42069b09c176f75e9bd4c186f6",
                "sha256:bda9068aafb73859491e13b99b682bd299c1b5fd50644d697533775828a28ee0",
                "sha256:d659517ca116e6750101a1326107d3479028c5191f0ecee3c7203c50f5b915b0",
                "sha256:eddd3fb1f3e0f82e5915a899285a39ee34ce18fd25d89582bc89fc9fb16cd2c6"
            ],
            "markers": "implementation_name == 'cpython'",
            "version": "==1.3.1"
        },
        "wcwidth": {
            "hashes": [
                "sha256:3df37372226d6e63e1b1e1eda15c594bca98a22d33a23832a90998faa96bc65e",
                "sha256:f4ebe71925af7b40a864553f761ed559b43544f8f71746c2d756c7fe788ade7c"
            ],
            "version": "==0.1.7"
        },
        "wrapt": {
            "hashes": [
                "sha256:4aea003270831cceb8a90ff27c4031da6ead7ec1886023b80ce0dfe0adf61533"
            ],
            "version": "==1.11.1"
        }
    }
}
